
Microsoft Visual Studio Solution File, Format Version 12.00
# Visual Studio Version 17
VisualStudioVersion = 17.0.31825.309
MinimumVisualStudioVersion = 10.0.40219.1
Project("{2150E333-8FDC-42A3-9474-1A3956D46DE8}") = "Core", "Core", "{2D28DE14-D729-42A9-8EA0-84C07C578887}"
EndProject
Project("{9A19103F-16F7-4668-BE54-9A1E7A4F7556}") = "NerdyMishka.Core", "Core\src\NerdyMishka.Core.csproj", "{BB78DCC4-C03C-4B20-9F06-9C09B042D939}"
EndProject
Project("{9A19103F-16F7-4668-BE54-9A1E7A4F7556}") = "NerdyMishka.Core.Tests", "Core\test\NerdyMishka.Core.Tests.csproj", "{2DFDEC98-CF7A-4EF7-BF53-EA41A32D41A9}"
EndProject
Project("{2150E333-8FDC-42A3-9474-1A3956D46DE8}") = "Mettle.Assert", "Mettle.Assert", "{B56B3878-B243-4463-AFF9-ECB1C54D4CFC}"
EndProject
Project("{9A19103F-16F7-4668-BE54-9A1E7A4F7556}") = "NerdyMishka.Mettle.Assert", "Mettle.Assert\src\NerdyMishka.Mettle.Assert.csproj", "{9ADBD083-8B36-4D03-9981-3E17FF68FE76}"
EndProject
Project("{9A19103F-16F7-4668-BE54-9A1E7A4F7556}") = "NerdyMishka.Mettle.Assert.Tests", "Mettle.Assert\test\NerdyMishka.Mettle.Assert.Tests.csproj", "{6CDFF4A7-F980-4C62-A03E-2229E224F1E2}"
EndProject
Project("{2150E333-8FDC-42A3-9474-1A3956D46DE8}") = "Mettle.Core", "Mettle.Core", "{6AD01C42-97A4-4CBC-B258-09F564290D70}"
EndProject
Project("{9A19103F-16F7-4668-BE54-9A1E7A4F7556}") = "NerdyMishka.Mettle.Core", "Mettle.Core\src\NerdyMishka.Mettle.Core.csproj", "{EF77B17A-E85D-4929-ACAD-FA1E6E828AA6}"
EndProject
Project("{9A19103F-16F7-4668-BE54-9A1E7A4F7556}") = "NerdyMishka.Mettle.Core.Tests", "Mettle.Core\test\NerdyMishka.Mettle.Core.Tests.csproj", "{C253FEBB-8685-4A7E-97A9-F8A7D005D658}"
EndProject
Project("{2150E333-8FDC-42A3-9474-1A3956D46DE8}") = "Mettle.DependencyInjection", "Mettle.DependencyInjection", "{C513D766-6D95-405B-9384-90C1EF12F6EC}"
EndProject
Project("{9A19103F-16F7-4668-BE54-9A1E7A4F7556}") = "NerdyMishka.Mettle.DependencyInjection", "Mettle.DependencyInjection\src\NerdyMishka.Mettle.DependencyInjection.csproj", "{0787F4F2-3BB8-49DB-93D4-ACEC4D0A6A23}"
EndProject
Project("{9A19103F-16F7-4668-BE54-9A1E7A4F7556}") = "NerdyMishka.Mettle.DependencyInjection.Tests", "Mettle.DependencyInjection\test\NerdyMishka.Mettle.DependencyInjection.Tests.csproj", "{59E9DE1C-EDC5-47A5-9CDF-9104D24D76F1}"
EndProject
Project("{2150E333-8FDC-42A3-9474-1A3956D46DE8}") = "Shell", "Shell", "{D256FCD9-D58D-471E-8F71-F937F33287CB}"
EndProject
Project("{FAE04EC0-301F-11D3-BF4B-00C04F79EFBC}") = "NerdyMishka.Shell", "Shell\src\NerdyMishka.Shell.csproj", "{5DB1AF3C-1AD8-44CE-817C-6936082A2302}"
EndProject
Project("{FAE04EC0-301F-11D3-BF4B-00C04F79EFBC}") = "NerdyMishka.Shell.Tests", "Shell\test\NerdyMishka.Shell.Tests.csproj", "{69257ABF-6B3D-4B0C-B4FD-8FD86FA6CE1F}"
EndProject
Project("{2150E333-8FDC-42A3-9474-1A3956D46DE8}") = "CommandLine.Hosting", "CommandLine.Hosting", "{CE68D6CB-5065-4151-8609-1B66B43438E6}"
EndProject
Project("{FAE04EC0-301F-11D3-BF4B-00C04F79EFBC}") = "NerdyMishka.CommandLine.Hosting", "CommandLine.Hosting\src\NerdyMishka.CommandLine.Hosting.csproj", "{7D3C4DD5-5223-465A-8CF4-1A6BBFA48369}"
EndProject
Project("{2150E333-8FDC-42A3-9474-1A3956D46DE8}") = "CommandLine.Abstractions", "CommandLine.Abstractions", "{4DDC1020-8EFE-4314-93DE-0EA5C8285BDE}"
EndProject
Project("{FAE04EC0-301F-11D3-BF4B-00C04F79EFBC}") = "NerdyMishka.CommandLine.Abstractions", "CommandLine.Abstractions\src\NerdyMishka.CommandLine.Abstractions.csproj", "{6497DE39-9DB2-4136-BFE6-84D95F789696}"
EndProject
Global
	GlobalSection(SolutionConfigurationPlatforms) = preSolution
		Debug|Any CPU = Debug|Any CPU
		Release|Any CPU = Release|Any CPU
	EndGlobalSection
	GlobalSection(ProjectConfigurationPlatforms) = postSolution
		{BB78DCC4-C03C-4B20-9F06-9C09B042D939}.Debug|Any CPU.ActiveCfg = Debug|Any CPU
		{BB78DCC4-C03C-4B20-9F06-9C09B042D939}.Debug|Any CPU.Build.0 = Debug|Any CPU
		{BB78DCC4-C03C-4B20-9F06-9C09B042D939}.Release|Any CPU.ActiveCfg = Release|Any CPU
		{BB78DCC4-C03C-4B20-9F06-9C09B042D939}.Release|Any CPU.Build.0 = Release|Any CPU
		{2DFDEC98-CF7A-4EF7-BF53-EA41A32D41A9}.Debug|Any CPU.ActiveCfg = Debug|Any CPU
		{2DFDEC98-CF7A-4EF7-BF53-EA41A32D41A9}.Debug|Any CPU.Build.0 = Debug|Any CPU
		{2DFDEC98-CF7A-4EF7-BF53-EA41A32D41A9}.Release|Any CPU.ActiveCfg = Release|Any CPU
		{2DFDEC98-CF7A-4EF7-BF53-EA41A32D41A9}.Release|Any CPU.Build.0 = Release|Any CPU
		{9ADBD083-8B36-4D03-9981-3E17FF68FE76}.Debug|Any CPU.ActiveCfg = Debug|Any CPU
		{9ADBD083-8B36-4D03-9981-3E17FF68FE76}.Debug|Any CPU.Build.0 = Debug|Any CPU
		{9ADBD083-8B36-4D03-9981-3E17FF68FE76}.Release|Any CPU.ActiveCfg = Release|Any CPU
		{9ADBD083-8B36-4D03-9981-3E17FF68FE76}.Release|Any CPU.Build.0 = Release|Any CPU
		{6CDFF4A7-F980-4C62-A03E-2229E224F1E2}.Debug|Any CPU.ActiveCfg = Debug|Any CPU
		{6CDFF4A7-F980-4C62-A03E-2229E224F1E2}.Debug|Any CPU.Build.0 = Debug|Any CPU
		{6CDFF4A7-F980-4C62-A03E-2229E224F1E2}.Release|Any CPU.ActiveCfg = Release|Any CPU
		{6CDFF4A7-F980-4C62-A03E-2229E224F1E2}.Release|Any CPU.Build.0 = Release|Any CPU
		{EF77B17A-E85D-4929-ACAD-FA1E6E828AA6}.Debug|Any CPU.ActiveCfg = Debug|Any CPU
		{EF77B17A-E85D-4929-ACAD-FA1E6E828AA6}.Debug|Any CPU.Build.0 = Debug|Any CPU
		{EF77B17A-E85D-4929-ACAD-FA1E6E828AA6}.Release|Any CPU.ActiveCfg = Release|Any CPU
		{EF77B17A-E85D-4929-ACAD-FA1E6E828AA6}.Release|Any CPU.Build.0 = Release|Any CPU
		{C253FEBB-8685-4A7E-97A9-F8A7D005D658}.Debug|Any CPU.ActiveCfg = Debug|Any CPU
		{C253FEBB-8685-4A7E-97A9-F8A7D005D658}.Debug|Any CPU.Build.0 = Debug|Any CPU
		{C253FEBB-8685-4A7E-97A9-F8A7D005D658}.Release|Any CPU.ActiveCfg = Release|Any CPU
		{C253FEBB-8685-4A7E-97A9-F8A7D005D658}.Release|Any CPU.Build.0 = Release|Any CPU
		{0787F4F2-3BB8-49DB-93D4-ACEC4D0A6A23}.Debug|Any CPU.ActiveCfg = Debug|Any CPU
		{0787F4F2-3BB8-49DB-93D4-ACEC4D0A6A23}.Debug|Any CPU.Build.0 = Debug|Any CPU
		{0787F4F2-3BB8-49DB-93D4-ACEC4D0A6A23}.Release|Any CPU.ActiveCfg = Release|Any CPU
		{0787F4F2-3BB8-49DB-93D4-ACEC4D0A6A23}.Release|Any CPU.Build.0 = Release|Any CPU
		{59E9DE1C-EDC5-47A5-9CDF-9104D24D76F1}.Debug|Any CPU.ActiveCfg = Debug|Any CPU
		{59E9DE1C-EDC5-47A5-9CDF-9104D24D76F1}.Debug|Any CPU.Build.0 = Debug|Any CPU
		{59E9DE1C-EDC5-47A5-9CDF-9104D24D76F1}.Release|Any CPU.ActiveCfg = Release|Any CPU
		{59E9DE1C-EDC5-47A5-9CDF-9104D24D76F1}.Release|Any CPU.Build.0 = Release|Any CPU
		{5DB1AF3C-1AD8-44CE-817C-6936082A2302}.Debug|Any CPU.ActiveCfg = Debug|Any CPU
		{5DB1AF3C-1AD8-44CE-817C-6936082A2302}.Debug|Any CPU.Build.0 = Debug|Any CPU
		{5DB1AF3C-1AD8-44CE-817C-6936082A2302}.Release|Any CPU.ActiveCfg = Release|Any CPU
		{5DB1AF3C-1AD8-44CE-817C-6936082A2302}.Release|Any CPU.Build.0 = Release|Any CPU
		{69257ABF-6B3D-4B0C-B4FD-8FD86FA6CE1F}.Debug|Any CPU.ActiveCfg = Debug|Any CPU
		{69257ABF-6B3D-4B0C-B4FD-8FD86FA6CE1F}.Debug|Any CPU.Build.0 = Debug|Any CPU
		{69257ABF-6B3D-4B0C-B4FD-8FD86FA6CE1F}.Release|Any CPU.ActiveCfg = Release|Any CPU
		{69257ABF-6B3D-4B0C-B4FD-8FD86FA6CE1F}.Release|Any CPU.Build.0 = Release|Any CPU
		{7D3C4DD5-5223-465A-8CF4-1A6BBFA48369}.Debug|Any CPU.ActiveCfg = Debug|Any CPU
		{7D3C4DD5-5223-465A-8CF4-1A6BBFA48369}.Debug|Any CPU.Build.0 = Debug|Any CPU
		{7D3C4DD5-5223-465A-8CF4-1A6BBFA48369}.Release|Any CPU.ActiveCfg = Release|Any CPU
		{7D3C4DD5-5223-465A-8CF4-1A6BBFA48369}.Release|Any CPU.Build.0 = Release|Any CPU
		{6497DE39-9DB2-4136-BFE6-84D95F789696}.Debug|Any CPU.ActiveCfg = Debug|Any CPU
		{6497DE39-9DB2-4136-BFE6-84D95F789696}.Debug|Any CPU.Build.0 = Debug|Any CPU
		{6497DE39-9DB2-4136-BFE6-84D95F789696}.Release|Any CPU.ActiveCfg = Release|Any CPU
		{6497DE39-9DB2-4136-BFE6-84D95F789696}.Release|Any CPU.Build.0 = Release|Any CPU
	EndGlobalSection
	GlobalSection(SolutionProperties) = preSolution
		HideSolutionNode = FALSE
	EndGlobalSection
	GlobalSection(NestedProjects) = preSolution
		{BB78DCC4-C03C-4B20-9F06-9C09B042D939} = {2D28DE14-D729-42A9-8EA0-84C07C578887}
		{2DFDEC98-CF7A-4EF7-BF53-EA41A32D41A9} = {2D28DE14-D729-42A9-8EA0-84C07C578887}
		{9ADBD083-8B36-4D03-9981-3E17FF68FE76} = {B56B3878-B243-4463-AFF9-ECB1C54D4CFC}
		{6CDFF4A7-F980-4C62-A03E-2229E224F1E2} = {B56B3878-B243-4463-AFF9-ECB1C54D4CFC}
		{EF77B17A-E85D-4929-ACAD-FA1E6E828AA6} = {6AD01C42-97A4-4CBC-B258-09F564290D70}
		{C253FEBB-8685-4A7E-97A9-F8A7D005D658} = {6AD01C42-97A4-4CBC-B258-09F564290D70}
		{0787F4F2-3BB8-49DB-93D4-ACEC4D0A6A23} = {C513D766-6D95-405B-9384-90C1EF12F6EC}
		{59E9DE1C-EDC5-47A5-9CDF-9104D24D76F1} = {C513D766-6D95-405B-9384-90C1EF12F6EC}
		{5DB1AF3C-1AD8-44CE-817C-6936082A2302} = {D256FCD9-D58D-471E-8F71-F937F33287CB}
		{69257ABF-6B3D-4B0C-B4FD-8FD86FA6CE1F} = {D256FCD9-D58D-471E-8F71-F937F33287CB}
		{7D3C4DD5-5223-465A-8CF4-1A6BBFA48369} = {CE68D6CB-5065-4151-8609-1B66B43438E6}
		{6497DE39-9DB2-4136-BFE6-84D95F789696} = {4DDC1020-8EFE-4314-93DE-0EA5C8285BDE}
	EndGlobalSection
	GlobalSection(ExtensibilityGlobals) = postSolution
		SolutionGuid = {380A34F7-0F00-44AD-A2C8-3BD19CEDCAF1}
	EndGlobalSection
EndGlobal
