
Microsoft Visual Studio Solution File, Format Version 12.00
# Visual Studio Version 16
VisualStudioVersion = 16.0.30114.105
MinimumVisualStudioVersion = 10.0.40219.1
Project("{2150E333-8FDC-42A3-9474-1A3956D46DE8}") = "Core", "Core", "{2D28DE14-D729-42A9-8EA0-84C07C578887}"
EndProject
Project("{FAE04EC0-301F-11D3-BF4B-00C04F79EFBC}") = "NerdyMishka.Core", "Core\src\NerdyMishka.Core.csproj", "{BB78DCC4-C03C-4B20-9F06-9C09B042D939}"
EndProject
Project("{FAE04EC0-301F-11D3-BF4B-00C04F79EFBC}") = "NerdyMishka.Core.Tests", "Core\test\NerdyMishka.Core.Tests.csproj", "{2DFDEC98-CF7A-4EF7-BF53-EA41A32D41A9}"
EndProject
Project("{2150E333-8FDC-42A3-9474-1A3956D46DE8}") = "Mettle.Assert", "Mettle.Assert", "{B56B3878-B243-4463-AFF9-ECB1C54D4CFC}"
EndProject
Project("{FAE04EC0-301F-11D3-BF4B-00C04F79EFBC}") = "NerdyMishka.Mettle.Assert", "Mettle.Assert\src\NerdyMishka.Mettle.Assert.csproj", "{9ADBD083-8B36-4D03-9981-3E17FF68FE76}"
EndProject
Project("{FAE04EC0-301F-11D3-BF4B-00C04F79EFBC}") = "NerdyMishka.Mettle.Assert.Tests", "Mettle.Assert\test\NerdyMishka.Mettle.Assert.Tests.csproj", "{6CDFF4A7-F980-4C62-A03E-2229E224F1E2}"
EndProject
Project("{2150E333-8FDC-42A3-9474-1A3956D46DE8}") = "Mettle.Core", "Mettle.Core", "{6AD01C42-97A4-4CBC-B258-09F564290D70}"
EndProject
Project("{FAE04EC0-301F-11D3-BF4B-00C04F79EFBC}") = "NerdyMishka.Mettle.Core", "Mettle.Core\src\NerdyMishka.Mettle.Core.csproj", "{EF77B17A-E85D-4929-ACAD-FA1E6E828AA6}"
EndProject
Project("{FAE04EC0-301F-11D3-BF4B-00C04F79EFBC}") = "NerdyMishka.Mettle.Core.Tests", "Mettle.Core\test\NerdyMishka.Mettle.Core.Tests.csproj", "{C253FEBB-8685-4A7E-97A9-F8A7D005D658}"
EndProject
Project("{2150E333-8FDC-42A3-9474-1A3956D46DE8}") = "Mettle.DependencyInjection", "Mettle.DependencyInjection", "{C513D766-6D95-405B-9384-90C1EF12F6EC}"
EndProject
Project("{2150E333-8FDC-42A3-9474-1A3956D46DE8}") = "CommandLine.ShellExec", "CommandLine.ShellExec", "{C021E9E5-4735-46CD-A878-81EE28617931}"
EndProject
Project("{FAE04EC0-301F-11D3-BF4B-00C04F79EFBC}") = "NerdyMishka.CommandLine.ShellExec.Tests", "CommandLine.ShellExec\test\NerdyMishka.CommandLine.ShellExec.Tests.csproj", "{EF471F22-6C26-45B6-8BB2-89B4C8509526}"
EndProject
Project("{FAE04EC0-301F-11D3-BF4B-00C04F79EFBC}") = "NerdyMishka.Mettle.DependencyInjection.Tests", "Mettle.DependencyInjection\src\NerdyMishka.Mettle.DependencyInjection.Tests.csproj", "{A2ED6847-3F73-4990-9C59-B6696225158F}"
EndProject
Project("{FAE04EC0-301F-11D3-BF4B-00C04F79EFBC}") = "NerdyMishka.Mettle.DependencyInjection", "Mettle.DependencyInjection\src\NerdyMishka.Mettle.DependencyInjection.csproj", "{0787F4F2-3BB8-49DB-93D4-ACEC4D0A6A23}"
EndProject
Project("{FAE04EC0-301F-11D3-BF4B-00C04F79EFBC}") = "NerdyMishka.Mettle.DependencyInjection.Tests", "Mettle.DependencyInjection\test\NerdyMishka.Mettle.DependencyInjection.Tests.csproj", "{59E9DE1C-EDC5-47A5-9CDF-9104D24D76F1}"
EndProject
Global
	GlobalSection(SolutionConfigurationPlatforms) = preSolution
		Debug|Any CPU = Debug|Any CPU
		Release|Any CPU = Release|Any CPU
	EndGlobalSection
	GlobalSection(SolutionProperties) = preSolution
		HideSolutionNode = FALSE
	EndGlobalSection
	GlobalSection(ProjectConfigurationPlatforms) = postSolution
		{BB78DCC4-C03C-4B20-9F06-9C09B042D939}.Debug|Any CPU.ActiveCfg = Debug|Any CPU
		{BB78DCC4-C03C-4B20-9F06-9C09B042D939}.Debug|Any CPU.Build.0 = Debug|Any CPU
		{BB78DCC4-C03C-4B20-9F06-9C09B042D939}.Release|Any CPU.ActiveCfg = Release|Any CPU
		{BB78DCC4-C03C-4B20-9F06-9C09B042D939}.Release|Any CPU.Build.0 = Release|Any CPU
		{2DFDEC98-CF7A-4EF7-BF53-EA41A32D41A9}.Debug|Any CPU.ActiveCfg = Debug|Any CPU
		{2DFDEC98-CF7A-4EF7-BF53-EA41A32D41A9}.Debug|Any CPU.Build.0 = Debug|Any CPU
		{2DFDEC98-CF7A-4EF7-BF53-EA41A32D41A9}.Release|Any CPU.ActiveCfg = Release|Any CPU
		{2DFDEC98-CF7A-4EF7-BF53-EA41A32D41A9}.Release|Any CPU.Build.0 = Release|Any CPU
		{9ADBD083-8B36-4D03-9981-3E17FF68FE76}.Debug|Any CPU.ActiveCfg = Debug|Any CPU
		{9ADBD083-8B36-4D03-9981-3E17FF68FE76}.Debug|Any CPU.Build.0 = Debug|Any CPU
		{9ADBD083-8B36-4D03-9981-3E17FF68FE76}.Release|Any CPU.ActiveCfg = Release|Any CPU
		{9ADBD083-8B36-4D03-9981-3E17FF68FE76}.Release|Any CPU.Build.0 = Release|Any CPU
		{6CDFF4A7-F980-4C62-A03E-2229E224F1E2}.Debug|Any CPU.ActiveCfg = Debug|Any CPU
		{6CDFF4A7-F980-4C62-A03E-2229E224F1E2}.Debug|Any CPU.Build.0 = Debug|Any CPU
		{6CDFF4A7-F980-4C62-A03E-2229E224F1E2}.Release|Any CPU.ActiveCfg = Release|Any CPU
		{6CDFF4A7-F980-4C62-A03E-2229E224F1E2}.Release|Any CPU.Build.0 = Release|Any CPU
		{EF77B17A-E85D-4929-ACAD-FA1E6E828AA6}.Debug|Any CPU.ActiveCfg = Debug|Any CPU
		{EF77B17A-E85D-4929-ACAD-FA1E6E828AA6}.Debug|Any CPU.Build.0 = Debug|Any CPU
		{EF77B17A-E85D-4929-ACAD-FA1E6E828AA6}.Release|Any CPU.ActiveCfg = Release|Any CPU
		{EF77B17A-E85D-4929-ACAD-FA1E6E828AA6}.Release|Any CPU.Build.0 = Release|Any CPU
		{C253FEBB-8685-4A7E-97A9-F8A7D005D658}.Debug|Any CPU.ActiveCfg = Debug|Any CPU
		{C253FEBB-8685-4A7E-97A9-F8A7D005D658}.Debug|Any CPU.Build.0 = Debug|Any CPU
		{C253FEBB-8685-4A7E-97A9-F8A7D005D658}.Release|Any CPU.ActiveCfg = Release|Any CPU
		{C253FEBB-8685-4A7E-97A9-F8A7D005D658}.Release|Any CPU.Build.0 = Release|Any CPU
		{EF471F22-6C26-45B6-8BB2-89B4C8509526}.Debug|Any CPU.ActiveCfg = Debug|Any CPU
		{EF471F22-6C26-45B6-8BB2-89B4C8509526}.Debug|Any CPU.Build.0 = Debug|Any CPU
		{EF471F22-6C26-45B6-8BB2-89B4C8509526}.Release|Any CPU.ActiveCfg = Release|Any CPU
		{EF471F22-6C26-45B6-8BB2-89B4C8509526}.Release|Any CPU.Build.0 = Release|Any CPU
		{0787F4F2-3BB8-49DB-93D4-ACEC4D0A6A23}.Debug|Any CPU.ActiveCfg = Debug|Any CPU
		{0787F4F2-3BB8-49DB-93D4-ACEC4D0A6A23}.Debug|Any CPU.Build.0 = Debug|Any CPU
		{0787F4F2-3BB8-49DB-93D4-ACEC4D0A6A23}.Release|Any CPU.ActiveCfg = Release|Any CPU
		{0787F4F2-3BB8-49DB-93D4-ACEC4D0A6A23}.Release|Any CPU.Build.0 = Release|Any CPU
		{59E9DE1C-EDC5-47A5-9CDF-9104D24D76F1}.Debug|Any CPU.ActiveCfg = Debug|Any CPU
		{59E9DE1C-EDC5-47A5-9CDF-9104D24D76F1}.Debug|Any CPU.Build.0 = Debug|Any CPU
		{59E9DE1C-EDC5-47A5-9CDF-9104D24D76F1}.Release|Any CPU.ActiveCfg = Release|Any CPU
		{59E9DE1C-EDC5-47A5-9CDF-9104D24D76F1}.Release|Any CPU.Build.0 = Release|Any CPU
	EndGlobalSection
	GlobalSection(NestedProjects) = preSolution
		{BB78DCC4-C03C-4B20-9F06-9C09B042D939} = {2D28DE14-D729-42A9-8EA0-84C07C578887}
		{2DFDEC98-CF7A-4EF7-BF53-EA41A32D41A9} = {2D28DE14-D729-42A9-8EA0-84C07C578887}
		{9ADBD083-8B36-4D03-9981-3E17FF68FE76} = {B56B3878-B243-4463-AFF9-ECB1C54D4CFC}
		{6CDFF4A7-F980-4C62-A03E-2229E224F1E2} = {B56B3878-B243-4463-AFF9-ECB1C54D4CFC}
		{EF77B17A-E85D-4929-ACAD-FA1E6E828AA6} = {6AD01C42-97A4-4CBC-B258-09F564290D70}
		{C253FEBB-8685-4A7E-97A9-F8A7D005D658} = {6AD01C42-97A4-4CBC-B258-09F564290D70}
		{EF471F22-6C26-45B6-8BB2-89B4C8509526} = {C021E9E5-4735-46CD-A878-81EE28617931}
		{0787F4F2-3BB8-49DB-93D4-ACEC4D0A6A23} = {C513D766-6D95-405B-9384-90C1EF12F6EC}
		{59E9DE1C-EDC5-47A5-9CDF-9104D24D76F1} = {C513D766-6D95-405B-9384-90C1EF12F6EC}
	EndGlobalSection
EndGlobal
